
Microsoft Visual Studio Solution File, Format Version 12.00
# Visual Studio Version 16
VisualStudioVersion = 16.0.809.6
MinimumVisualStudioVersion = 10.0.40219.1
Project("{2150E333-8FDC-42A3-9474-1A3956D46DE8}") = "src", "src", "{DF0FB282-754F-438B-B322-B235B4402D7B}"
EndProject
Project("{2150E333-8FDC-42A3-9474-1A3956D46DE8}") = "Solution Items", "Solution Items", "{175C691D-EB53-46E8-B041-840F111A525D}"
	ProjectSection(SolutionItems) = preProject
		README.MD = README.MD
	EndProjectSection
EndProject
Project("{2150E333-8FDC-42A3-9474-1A3956D46DE8}") = "Services", "Services", "{E5F326B1-5479-4E80-8CBC-C734B582292E}"
EndProject
Project("{2150E333-8FDC-42A3-9474-1A3956D46DE8}") = "Catalog", "Catalog", "{F4DD7219-0A73-4169-BB2F-59E8537A420D}"
EndProject
Project("{FAE04EC0-301F-11D3-BF4B-00C04F79EFBC}") = "Catalog.API", "src\Services\Catalog\Catalog.API\Catalog.API.csproj", "{77DB1D82-DCF7-42F2-BC63-D55B8A9B076B}"
EndProject
Project("{E53339B2-1760-4266-BCC7-CA923CBCF16C}") = "docker-compose", "docker-compose.dcproj", "{43804EC2-9750-4069-90D2-446A01F08152}"
EndProject
Project("{2150E333-8FDC-42A3-9474-1A3956D46DE8}") = "Basket", "Basket", "{EA1B084C-DC53-45F2-84E9-1016950F8D14}"
EndProject
Project("{9A19103F-16F7-4668-BE54-9A1E7A4F7556}") = "Basket.API", "src\Services\Basket\Basket.API\Basket.API.csproj", "{77C7C17E-6F0F-4D2F-BC73-59AAB705C176}"
EndProject
Project("{2150E333-8FDC-42A3-9474-1A3956D46DE8}") = "Discount", "Discount", "{EA641274-BA94-4B1D-B1E1-AB8A702560EB}"
EndProject
Project("{FAE04EC0-301F-11D3-BF4B-00C04F79EFBC}") = "Discount.API", "src\Services\Discount\Discount.API\Discount.API.csproj", "{740821C5-65FB-4A3C-A3E4-9EA4650B32A7}"
EndProject
Project("{FAE04EC0-301F-11D3-BF4B-00C04F79EFBC}") = "Discount.Grpc", "src\Services\Discount\Discount.Grpc\Discount.Grpc.csproj", "{521F9036-244F-4D5F-9C26-68BDFAE6A523}"
EndProject
Global
	GlobalSection(SolutionConfigurationPlatforms) = preSolution
		Debug|anycpu = Debug|anycpu
		Release|anycpu = Release|anycpu
	EndGlobalSection
	GlobalSection(ProjectConfigurationPlatforms) = postSolution
		{77DB1D82-DCF7-42F2-BC63-D55B8A9B076B}.Debug|anycpu.ActiveCfg = Debug|Any CPU
		{77DB1D82-DCF7-42F2-BC63-D55B8A9B076B}.Debug|anycpu.Build.0 = Debug|Any CPU
		{77DB1D82-DCF7-42F2-BC63-D55B8A9B076B}.Release|anycpu.ActiveCfg = Release|Any CPU
		{77DB1D82-DCF7-42F2-BC63-D55B8A9B076B}.Release|anycpu.Build.0 = Release|Any CPU
		{43804EC2-9750-4069-90D2-446A01F08152}.Debug|anycpu.ActiveCfg = Debug|Any CPU
		{43804EC2-9750-4069-90D2-446A01F08152}.Debug|anycpu.Build.0 = Debug|Any CPU
		{43804EC2-9750-4069-90D2-446A01F08152}.Release|anycpu.ActiveCfg = Release|Any CPU
		{43804EC2-9750-4069-90D2-446A01F08152}.Release|anycpu.Build.0 = Release|Any CPU
		{77C7C17E-6F0F-4D2F-BC73-59AAB705C176}.Debug|anycpu.ActiveCfg = Debug|Any CPU
		{77C7C17E-6F0F-4D2F-BC73-59AAB705C176}.Debug|anycpu.Build.0 = Debug|Any CPU
		{77C7C17E-6F0F-4D2F-BC73-59AAB705C176}.Release|anycpu.ActiveCfg = Release|Any CPU
		{77C7C17E-6F0F-4D2F-BC73-59AAB705C176}.Release|anycpu.Build.0 = Release|Any CPU
		{740821C5-65FB-4A3C-A3E4-9EA4650B32A7}.Debug|anycpu.ActiveCfg = Debug|Any CPU
		{740821C5-65FB-4A3C-A3E4-9EA4650B32A7}.Debug|anycpu.Build.0 = Debug|Any CPU
		{740821C5-65FB-4A3C-A3E4-9EA4650B32A7}.Release|anycpu.ActiveCfg = Release|Any CPU
		{740821C5-65FB-4A3C-A3E4-9EA4650B32A7}.Release|anycpu.Build.0 = Release|Any CPU
		{521F9036-244F-4D5F-9C26-68BDFAE6A523}.Debug|anycpu.ActiveCfg = Debug|Any CPU
		{521F9036-244F-4D5F-9C26-68BDFAE6A523}.Debug|anycpu.Build.0 = Debug|Any CPU
		{521F9036-244F-4D5F-9C26-68BDFAE6A523}.Release|anycpu.ActiveCfg = Release|Any CPU
		{521F9036-244F-4D5F-9C26-68BDFAE6A523}.Release|anycpu.Build.0 = Release|Any CPU
	EndGlobalSection
	GlobalSection(SolutionProperties) = preSolution
		HideSolutionNode = FALSE
	EndGlobalSection
	GlobalSection(NestedProjects) = preSolution
		{E5F326B1-5479-4E80-8CBC-C734B582292E} = {DF0FB282-754F-438B-B322-B235B4402D7B}
		{F4DD7219-0A73-4169-BB2F-59E8537A420D} = {E5F326B1-5479-4E80-8CBC-C734B582292E}
		{77DB1D82-DCF7-42F2-BC63-D55B8A9B076B} = {F4DD7219-0A73-4169-BB2F-59E8537A420D}
		{EA1B084C-DC53-45F2-84E9-1016950F8D14} = {E5F326B1-5479-4E80-8CBC-C734B582292E}
		{77C7C17E-6F0F-4D2F-BC73-59AAB705C176} = {EA1B084C-DC53-45F2-84E9-1016950F8D14}
		{EA641274-BA94-4B1D-B1E1-AB8A702560EB} = {E5F326B1-5479-4E80-8CBC-C734B582292E}
		{740821C5-65FB-4A3C-A3E4-9EA4650B32A7} = {EA641274-BA94-4B1D-B1E1-AB8A702560EB}
		{521F9036-244F-4D5F-9C26-68BDFAE6A523} = {EA641274-BA94-4B1D-B1E1-AB8A702560EB}
	EndGlobalSection
	GlobalSection(ExtensibilityGlobals) = postSolution
		SolutionGuid = {1EBB83DB-2430-4E85-A188-41D1A6145A89}
	EndGlobalSection
EndGlobal
